
Microsoft Visual Studio Solution File, Format Version 12.00
# Visual Studio Version 16
VisualStudioVersion = 16.0.30907.101
MinimumVisualStudioVersion = 10.0.40219.1
Project("{FAE04EC0-301F-11D3-BF4B-00C04F79EFBC}") = "ProiectMPP", "ProiectMPP\ProiectMPP.csproj", "{D0D07543-6D8F-4F8F-A127-DA5A88D8151E}"
EndProject
Global
	GlobalSection(SolutionConfigurationPlatforms) = preSolution
		Debug|Any CPU = Debug|Any CPU
		Release|Any CPU = Release|Any CPU
	EndGlobalSection
	GlobalSection(ProjectConfigurationPlatforms) = postSolution
		{D0D07543-6D8F-4F8F-A127-DA5A88D8151E}.Debug|Any CPU.ActiveCfg = Debug|Any CPU
		{D0D07543-6D8F-4F8F-A127-DA5A88D8151E}.Debug|Any CPU.Build.0 = Debug|Any CPU
		{D0D07543-6D8F-4F8F-A127-DA5A88D8151E}.Release|Any CPU.ActiveCfg = Release|Any CPU
		{D0D07543-6D8F-4F8F-A127-DA5A88D8151E}.Release|Any CPU.Build.0 = Release|Any CPU
	EndGlobalSection
	GlobalSection(SolutionProperties) = preSolution
		HideSolutionNode = FALSE
	EndGlobalSection
	GlobalSection(ExtensibilityGlobals) = postSolution
		SolutionGuid = {608004F5-46DC-4485-AA20-9A8F33C7BC2C}
	EndGlobalSection
EndGlobal
